
Microsoft Visual Studio Solution File, Format Version 12.00
Project("{FAE04EC0-301F-11D3-BF4B-00C04F79EFBC}") = "WebApp2", "WebApp2\WebApp2.csproj", "{0A1103B1-3991-4341-9B52-62DAD2FDA14B}"
EndProject
Global
	GlobalSection(SolutionConfigurationPlatforms) = preSolution
		Debug|Any CPU = Debug|Any CPU
		Release|Any CPU = Release|Any CPU
	EndGlobalSection
	GlobalSection(ProjectConfigurationPlatforms) = postSolution
		{0A1103B1-3991-4341-9B52-62DAD2FDA14B}.Debug|Any CPU.ActiveCfg = Debug|Any CPU
		{0A1103B1-3991-4341-9B52-62DAD2FDA14B}.Debug|Any CPU.Build.0 = Debug|Any CPU
		{0A1103B1-3991-4341-9B52-62DAD2FDA14B}.Release|Any CPU.ActiveCfg = Release|Any CPU
		{0A1103B1-3991-4341-9B52-62DAD2FDA14B}.Release|Any CPU.Build.0 = Release|Any CPU
	EndGlobalSection
EndGlobal
